
Microsoft Visual Studio Solution File, Format Version 12.00
# Visual Studio Version 16
VisualStudioVersion = 16.0.31911.196
MinimumVisualStudioVersion = 10.0.40219.1
Project("{FAE04EC0-301F-11D3-BF4B-00C04F79EFBC}") = "FileStream", "FileStream\FileStream.csproj", "{4F424805-F958-49F6-A3BB-965EF45A9A2E}"
EndProject
Global
	GlobalSection(SolutionConfigurationPlatforms) = preSolution
		Debug|Any CPU = Debug|Any CPU
		Release|Any CPU = Release|Any CPU
	EndGlobalSection
	GlobalSection(ProjectConfigurationPlatforms) = postSolution
		{4F424805-F958-49F6-A3BB-965EF45A9A2E}.Debug|Any CPU.ActiveCfg = Debug|Any CPU
		{4F424805-F958-49F6-A3BB-965EF45A9A2E}.Debug|Any CPU.Build.0 = Debug|Any CPU
		{4F424805-F958-49F6-A3BB-965EF45A9A2E}.Release|Any CPU.ActiveCfg = Release|Any CPU
		{4F424805-F958-49F6-A3BB-965EF45A9A2E}.Release|Any CPU.Build.0 = Release|Any CPU
	EndGlobalSection
	GlobalSection(SolutionProperties) = preSolution
		HideSolutionNode = FALSE
	EndGlobalSection
	GlobalSection(ExtensibilityGlobals) = postSolution
		SolutionGuid = {FEE156D9-5CDD-4F96-A7A3-9BFB71FC16ED}
	EndGlobalSection
EndGlobal
