
Microsoft Visual Studio Solution File, Format Version 12.00
# Visual Studio Version 16
VisualStudioVersion = 16.0.31112.23
MinimumVisualStudioVersion = 10.0.40219.1
Project("{FAE04EC0-301F-11D3-BF4B-00C04F79EFBC}") = "Params", "Params\Params.csproj", "{A522A706-5000-4817-BBF6-1BBB78849C04}"
EndProject
Global
	GlobalSection(SolutionConfigurationPlatforms) = preSolution
		Debug|Any CPU = Debug|Any CPU
		Release|Any CPU = Release|Any CPU
	EndGlobalSection
	GlobalSection(ProjectConfigurationPlatforms) = postSolution
		{A522A706-5000-4817-BBF6-1BBB78849C04}.Debug|Any CPU.ActiveCfg = Debug|Any CPU
		{A522A706-5000-4817-BBF6-1BBB78849C04}.Debug|Any CPU.Build.0 = Debug|Any CPU
		{A522A706-5000-4817-BBF6-1BBB78849C04}.Release|Any CPU.ActiveCfg = Release|Any CPU
		{A522A706-5000-4817-BBF6-1BBB78849C04}.Release|Any CPU.Build.0 = Release|Any CPU
	EndGlobalSection
	GlobalSection(SolutionProperties) = preSolution
		HideSolutionNode = FALSE
	EndGlobalSection
	GlobalSection(ExtensibilityGlobals) = postSolution
		SolutionGuid = {AB1D3391-CA83-4624-8C6F-3C479CB1619C}
	EndGlobalSection
EndGlobal
