
Microsoft Visual Studio Solution File, Format Version 12.00
# Visual Studio Version 16
VisualStudioVersion = 16.0.31112.23
MinimumVisualStudioVersion = 10.0.40219.1
Project("{FAE04EC0-301F-11D3-BF4B-00C04F79EFBC}") = "ExercicioDeFixacao", "ExercicioDeFixacao\ExercicioDeFixacao.csproj", "{1D17DE9C-A990-4D54-980D-8B4A1BAEB3F5}"
EndProject
Global
	GlobalSection(SolutionConfigurationPlatforms) = preSolution
		Debug|Any CPU = Debug|Any CPU
		Release|Any CPU = Release|Any CPU
	EndGlobalSection
	GlobalSection(ProjectConfigurationPlatforms) = postSolution
		{1D17DE9C-A990-4D54-980D-8B4A1BAEB3F5}.Debug|Any CPU.ActiveCfg = Debug|Any CPU
		{1D17DE9C-A990-4D54-980D-8B4A1BAEB3F5}.Debug|Any CPU.Build.0 = Debug|Any CPU
		{1D17DE9C-A990-4D54-980D-8B4A1BAEB3F5}.Release|Any CPU.ActiveCfg = Release|Any CPU
		{1D17DE9C-A990-4D54-980D-8B4A1BAEB3F5}.Release|Any CPU.Build.0 = Release|Any CPU
	EndGlobalSection
	GlobalSection(SolutionProperties) = preSolution
		HideSolutionNode = FALSE
	EndGlobalSection
	GlobalSection(ExtensibilityGlobals) = postSolution
		SolutionGuid = {705CC908-398C-4F3A-B4F9-8E2745881360}
	EndGlobalSection
EndGlobal
