
Microsoft Visual Studio Solution File, Format Version 12.00
# Visual Studio Version 16
VisualStudioVersion = 16.0.31911.196
MinimumVisualStudioVersion = 10.0.40219.1
Project("{FAE04EC0-301F-11D3-BF4B-00C04F79EFBC}") = "File", "File\File.csproj", "{F74093F4-2FCD-41FA-B706-4B366E7F83DE}"
EndProject
Global
	GlobalSection(SolutionConfigurationPlatforms) = preSolution
		Debug|Any CPU = Debug|Any CPU
		Release|Any CPU = Release|Any CPU
	EndGlobalSection
	GlobalSection(ProjectConfigurationPlatforms) = postSolution
		{F74093F4-2FCD-41FA-B706-4B366E7F83DE}.Debug|Any CPU.ActiveCfg = Debug|Any CPU
		{F74093F4-2FCD-41FA-B706-4B366E7F83DE}.Debug|Any CPU.Build.0 = Debug|Any CPU
		{F74093F4-2FCD-41FA-B706-4B366E7F83DE}.Release|Any CPU.ActiveCfg = Release|Any CPU
		{F74093F4-2FCD-41FA-B706-4B366E7F83DE}.Release|Any CPU.Build.0 = Release|Any CPU
	EndGlobalSection
	GlobalSection(SolutionProperties) = preSolution
		HideSolutionNode = FALSE
	EndGlobalSection
	GlobalSection(ExtensibilityGlobals) = postSolution
		SolutionGuid = {11B15213-2331-4E3F-8A10-205C86D26610}
	EndGlobalSection
EndGlobal
