
Microsoft Visual Studio Solution File, Format Version 12.00
# Visual Studio Version 16
VisualStudioVersion = 16.0.31112.23
MinimumVisualStudioVersion = 10.0.40219.1
Project("{FAE04EC0-301F-11D3-BF4B-00C04F79EFBC}") = "Encapsulamento", "Encapsulamento\Encapsulamento.csproj", "{AB63DC52-EFFB-4357-ACF8-77C0D3E34D33}"
EndProject
Global
	GlobalSection(SolutionConfigurationPlatforms) = preSolution
		Debug|Any CPU = Debug|Any CPU
		Release|Any CPU = Release|Any CPU
	EndGlobalSection
	GlobalSection(ProjectConfigurationPlatforms) = postSolution
		{AB63DC52-EFFB-4357-ACF8-77C0D3E34D33}.Debug|Any CPU.ActiveCfg = Debug|Any CPU
		{AB63DC52-EFFB-4357-ACF8-77C0D3E34D33}.Debug|Any CPU.Build.0 = Debug|Any CPU
		{AB63DC52-EFFB-4357-ACF8-77C0D3E34D33}.Release|Any CPU.ActiveCfg = Release|Any CPU
		{AB63DC52-EFFB-4357-ACF8-77C0D3E34D33}.Release|Any CPU.Build.0 = Release|Any CPU
	EndGlobalSection
	GlobalSection(SolutionProperties) = preSolution
		HideSolutionNode = FALSE
	EndGlobalSection
	GlobalSection(ExtensibilityGlobals) = postSolution
		SolutionGuid = {8E927FA9-C126-4FB1-B3C7-160204240818}
	EndGlobalSection
EndGlobal
