
Microsoft Visual Studio Solution File, Format Version 12.00
# Visual Studio Version 16
VisualStudioVersion = 16.0.31112.23
MinimumVisualStudioVersion = 10.0.40219.1
Project("{FAE04EC0-301F-11D3-BF4B-00C04F79EFBC}") = "Primeiro", "Primeiro\Primeiro.csproj", "{A5F61438-5CDF-4C5E-AD49-05DD007D1A6D}"
EndProject
Global
	GlobalSection(SolutionConfigurationPlatforms) = preSolution
		Debug|Any CPU = Debug|Any CPU
		Release|Any CPU = Release|Any CPU
	EndGlobalSection
	GlobalSection(ProjectConfigurationPlatforms) = postSolution
		{A5F61438-5CDF-4C5E-AD49-05DD007D1A6D}.Debug|Any CPU.ActiveCfg = Debug|Any CPU
		{A5F61438-5CDF-4C5E-AD49-05DD007D1A6D}.Debug|Any CPU.Build.0 = Debug|Any CPU
		{A5F61438-5CDF-4C5E-AD49-05DD007D1A6D}.Release|Any CPU.ActiveCfg = Release|Any CPU
		{A5F61438-5CDF-4C5E-AD49-05DD007D1A6D}.Release|Any CPU.Build.0 = Release|Any CPU
	EndGlobalSection
	GlobalSection(SolutionProperties) = preSolution
		HideSolutionNode = FALSE
	EndGlobalSection
	GlobalSection(ExtensibilityGlobals) = postSolution
		SolutionGuid = {B6E55585-516A-44E9-92BE-9B4E3333A983}
	EndGlobalSection
EndGlobal
