
Microsoft Visual Studio Solution File, Format Version 12.00
# Visual Studio Version 16
VisualStudioVersion = 16.0.31911.196
MinimumVisualStudioVersion = 10.0.40219.1
Project("{FAE04EC0-301F-11D3-BF4B-00C04F79EFBC}") = "MetodosAbstratos", "MetodosAbstratos\MetodosAbstratos.csproj", "{A40C4AB1-8C86-4384-87B2-6C27DB754DC0}"
EndProject
Global
	GlobalSection(SolutionConfigurationPlatforms) = preSolution
		Debug|Any CPU = Debug|Any CPU
		Release|Any CPU = Release|Any CPU
	EndGlobalSection
	GlobalSection(ProjectConfigurationPlatforms) = postSolution
		{A40C4AB1-8C86-4384-87B2-6C27DB754DC0}.Debug|Any CPU.ActiveCfg = Debug|Any CPU
		{A40C4AB1-8C86-4384-87B2-6C27DB754DC0}.Debug|Any CPU.Build.0 = Debug|Any CPU
		{A40C4AB1-8C86-4384-87B2-6C27DB754DC0}.Release|Any CPU.ActiveCfg = Release|Any CPU
		{A40C4AB1-8C86-4384-87B2-6C27DB754DC0}.Release|Any CPU.Build.0 = Release|Any CPU
	EndGlobalSection
	GlobalSection(SolutionProperties) = preSolution
		HideSolutionNode = FALSE
	EndGlobalSection
	GlobalSection(ExtensibilityGlobals) = postSolution
		SolutionGuid = {6AEC8CD9-6929-4462-B3BB-732B768AD04F}
	EndGlobalSection
EndGlobal
