
Microsoft Visual Studio Solution File, Format Version 12.00
# Visual Studio Version 16
VisualStudioVersion = 16.0.31911.196
MinimumVisualStudioVersion = 10.0.40219.1
Project("{FAE04EC0-301F-11D3-BF4B-00C04F79EFBC}") = "InterfaceExemplo", "ProblemaSemInterface\InterfaceExemplo.csproj", "{C8A25944-8F2A-419D-9EAF-1F1CEFC0451D}"
EndProject
Global
	GlobalSection(SolutionConfigurationPlatforms) = preSolution
		Debug|Any CPU = Debug|Any CPU
		Release|Any CPU = Release|Any CPU
	EndGlobalSection
	GlobalSection(ProjectConfigurationPlatforms) = postSolution
		{C8A25944-8F2A-419D-9EAF-1F1CEFC0451D}.Debug|Any CPU.ActiveCfg = Debug|Any CPU
		{C8A25944-8F2A-419D-9EAF-1F1CEFC0451D}.Debug|Any CPU.Build.0 = Debug|Any CPU
		{C8A25944-8F2A-419D-9EAF-1F1CEFC0451D}.Release|Any CPU.ActiveCfg = Release|Any CPU
		{C8A25944-8F2A-419D-9EAF-1F1CEFC0451D}.Release|Any CPU.Build.0 = Release|Any CPU
	EndGlobalSection
	GlobalSection(SolutionProperties) = preSolution
		HideSolutionNode = FALSE
	EndGlobalSection
	GlobalSection(ExtensibilityGlobals) = postSolution
		SolutionGuid = {8D6BB9A2-40FA-4A1E-97AB-0C1FCB7DEA69}
	EndGlobalSection
EndGlobal
