
Microsoft Visual Studio Solution File, Format Version 12.00
# Visual Studio Version 16
VisualStudioVersion = 16.0.31112.23
MinimumVisualStudioVersion = 10.0.40219.1
Project("{FAE04EC0-301F-11D3-BF4B-00C04F79EFBC}") = "ClasseEstoque", "ClasseEstoque\ClasseEstoque.csproj", "{3451FB71-6DBF-46D0-88DA-C1D5DA5F76E9}"
EndProject
Global
	GlobalSection(SolutionConfigurationPlatforms) = preSolution
		Debug|Any CPU = Debug|Any CPU
		Release|Any CPU = Release|Any CPU
	EndGlobalSection
	GlobalSection(ProjectConfigurationPlatforms) = postSolution
		{3451FB71-6DBF-46D0-88DA-C1D5DA5F76E9}.Debug|Any CPU.ActiveCfg = Debug|Any CPU
		{3451FB71-6DBF-46D0-88DA-C1D5DA5F76E9}.Debug|Any CPU.Build.0 = Debug|Any CPU
		{3451FB71-6DBF-46D0-88DA-C1D5DA5F76E9}.Release|Any CPU.ActiveCfg = Release|Any CPU
		{3451FB71-6DBF-46D0-88DA-C1D5DA5F76E9}.Release|Any CPU.Build.0 = Release|Any CPU
	EndGlobalSection
	GlobalSection(SolutionProperties) = preSolution
		HideSolutionNode = FALSE
	EndGlobalSection
	GlobalSection(ExtensibilityGlobals) = postSolution
		SolutionGuid = {D54C6A94-E7CB-4C91-BF13-CC511805AEED}
	EndGlobalSection
EndGlobal
