
Microsoft Visual Studio Solution File, Format Version 12.00
# Visual Studio Version 16
VisualStudioVersion = 16.0.31911.196
MinimumVisualStudioVersion = 10.0.40219.1
Project("{FAE04EC0-301F-11D3-BF4B-00C04F79EFBC}") = "ComposicaoExercicioFixacao", "ComposicaoExercicioFixacao\ComposicaoExercicioFixacao.csproj", "{E8AE53C7-8F36-4FCC-B132-AC22774935DE}"
EndProject
Global
	GlobalSection(SolutionConfigurationPlatforms) = preSolution
		Debug|Any CPU = Debug|Any CPU
		Release|Any CPU = Release|Any CPU
	EndGlobalSection
	GlobalSection(ProjectConfigurationPlatforms) = postSolution
		{E8AE53C7-8F36-4FCC-B132-AC22774935DE}.Debug|Any CPU.ActiveCfg = Debug|Any CPU
		{E8AE53C7-8F36-4FCC-B132-AC22774935DE}.Debug|Any CPU.Build.0 = Debug|Any CPU
		{E8AE53C7-8F36-4FCC-B132-AC22774935DE}.Release|Any CPU.ActiveCfg = Release|Any CPU
		{E8AE53C7-8F36-4FCC-B132-AC22774935DE}.Release|Any CPU.Build.0 = Release|Any CPU
	EndGlobalSection
	GlobalSection(SolutionProperties) = preSolution
		HideSolutionNode = FALSE
	EndGlobalSection
	GlobalSection(ExtensibilityGlobals) = postSolution
		SolutionGuid = {0C6587A6-5A3C-4038-94EB-FE3C9D76732E}
	EndGlobalSection
EndGlobal
