
Microsoft Visual Studio Solution File, Format Version 12.00
# Visual Studio Version 16
VisualStudioVersion = 16.0.31911.196
MinimumVisualStudioVersion = 10.0.40219.1
Project("{FAE04EC0-301F-11D3-BF4B-00C04F79EFBC}") = "TryCatch", "TryCatch\TryCatch.csproj", "{ADA0482D-5A75-4458-B57E-43C23BEE7E4D}"
EndProject
Global
	GlobalSection(SolutionConfigurationPlatforms) = preSolution
		Debug|Any CPU = Debug|Any CPU
		Release|Any CPU = Release|Any CPU
	EndGlobalSection
	GlobalSection(ProjectConfigurationPlatforms) = postSolution
		{ADA0482D-5A75-4458-B57E-43C23BEE7E4D}.Debug|Any CPU.ActiveCfg = Debug|Any CPU
		{ADA0482D-5A75-4458-B57E-43C23BEE7E4D}.Debug|Any CPU.Build.0 = Debug|Any CPU
		{ADA0482D-5A75-4458-B57E-43C23BEE7E4D}.Release|Any CPU.ActiveCfg = Release|Any CPU
		{ADA0482D-5A75-4458-B57E-43C23BEE7E4D}.Release|Any CPU.Build.0 = Release|Any CPU
	EndGlobalSection
	GlobalSection(SolutionProperties) = preSolution
		HideSolutionNode = FALSE
	EndGlobalSection
	GlobalSection(ExtensibilityGlobals) = postSolution
		SolutionGuid = {E67370DE-6498-48E4-8791-471C798A749D}
	EndGlobalSection
EndGlobal
