
Microsoft Visual Studio Solution File, Format Version 12.00
# Visual Studio Version 16
VisualStudioVersion = 16.0.31112.23
MinimumVisualStudioVersion = 10.0.40219.1
Project("{FAE04EC0-301F-11D3-BF4B-00C04F79EFBC}") = "ParametrosRefEOut", "ParametrosRefEOut\ParametrosRefEOut.csproj", "{0B85F666-E0DC-4C09-88C6-B684AD3498BA}"
EndProject
Global
	GlobalSection(SolutionConfigurationPlatforms) = preSolution
		Debug|Any CPU = Debug|Any CPU
		Release|Any CPU = Release|Any CPU
	EndGlobalSection
	GlobalSection(ProjectConfigurationPlatforms) = postSolution
		{0B85F666-E0DC-4C09-88C6-B684AD3498BA}.Debug|Any CPU.ActiveCfg = Debug|Any CPU
		{0B85F666-E0DC-4C09-88C6-B684AD3498BA}.Debug|Any CPU.Build.0 = Debug|Any CPU
		{0B85F666-E0DC-4C09-88C6-B684AD3498BA}.Release|Any CPU.ActiveCfg = Release|Any CPU
		{0B85F666-E0DC-4C09-88C6-B684AD3498BA}.Release|Any CPU.Build.0 = Release|Any CPU
	EndGlobalSection
	GlobalSection(SolutionProperties) = preSolution
		HideSolutionNode = FALSE
	EndGlobalSection
	GlobalSection(ExtensibilityGlobals) = postSolution
		SolutionGuid = {2B56AB8A-6CF1-48CF-B3C4-F84285C6AE69}
	EndGlobalSection
EndGlobal
