
Microsoft Visual Studio Solution File, Format Version 12.00
# Visual Studio Version 16
VisualStudioVersion = 16.0.31112.23
MinimumVisualStudioVersion = 10.0.40219.1
Project("{FAE04EC0-301F-11D3-BF4B-00C04F79EFBC}") = "ExercicioVetorClasse", "ExercicioVetorClasse\ExercicioVetorClasse.csproj", "{01D0825E-3305-412B-8D6F-9294B9D871C8}"
EndProject
Global
	GlobalSection(SolutionConfigurationPlatforms) = preSolution
		Debug|Any CPU = Debug|Any CPU
		Release|Any CPU = Release|Any CPU
	EndGlobalSection
	GlobalSection(ProjectConfigurationPlatforms) = postSolution
		{01D0825E-3305-412B-8D6F-9294B9D871C8}.Debug|Any CPU.ActiveCfg = Debug|Any CPU
		{01D0825E-3305-412B-8D6F-9294B9D871C8}.Debug|Any CPU.Build.0 = Debug|Any CPU
		{01D0825E-3305-412B-8D6F-9294B9D871C8}.Release|Any CPU.ActiveCfg = Release|Any CPU
		{01D0825E-3305-412B-8D6F-9294B9D871C8}.Release|Any CPU.Build.0 = Release|Any CPU
	EndGlobalSection
	GlobalSection(SolutionProperties) = preSolution
		HideSolutionNode = FALSE
	EndGlobalSection
	GlobalSection(ExtensibilityGlobals) = postSolution
		SolutionGuid = {7BCAE809-731E-42A0-BEDC-DEA1448B5ABA}
	EndGlobalSection
EndGlobal
