
Microsoft Visual Studio Solution File, Format Version 12.00
# Visual Studio Version 16
VisualStudioVersion = 16.0.31911.196
MinimumVisualStudioVersion = 10.0.40219.1
Project("{FAE04EC0-301F-11D3-BF4B-00C04F79EFBC}") = "Dkre", "Dkre\Dkre.csproj", "{89D9AC10-C132-43AC-B070-B0E749F320E0}"
EndProject
Global
	GlobalSection(SolutionConfigurationPlatforms) = preSolution
		Debug|Any CPU = Debug|Any CPU
		Release|Any CPU = Release|Any CPU
	EndGlobalSection
	GlobalSection(ProjectConfigurationPlatforms) = postSolution
		{89D9AC10-C132-43AC-B070-B0E749F320E0}.Debug|Any CPU.ActiveCfg = Debug|Any CPU
		{89D9AC10-C132-43AC-B070-B0E749F320E0}.Debug|Any CPU.Build.0 = Debug|Any CPU
		{89D9AC10-C132-43AC-B070-B0E749F320E0}.Release|Any CPU.ActiveCfg = Release|Any CPU
		{89D9AC10-C132-43AC-B070-B0E749F320E0}.Release|Any CPU.Build.0 = Release|Any CPU
	EndGlobalSection
	GlobalSection(SolutionProperties) = preSolution
		HideSolutionNode = FALSE
	EndGlobalSection
	GlobalSection(ExtensibilityGlobals) = postSolution
		SolutionGuid = {F1B1AC57-5B7D-40F1-A8D7-00B9E951B786}
	EndGlobalSection
EndGlobal
